# This file is generated by running "yarn install" inside your project.
# Manual changes might be lost - proceed with caution!

__metadata:
  version: 10
  cacheKey: 10c0

"@myparcel-dev/google-docs-importer@npm:^1.0.2":
  version: 1.0.2
  resolution: "@myparcel-dev/google-docs-importer@npm:1.0.2"
  dependencies:
    csv-parse: "npm:^7.0.2"
    debug: "npm:^4.3.4"
    dotenv: "npm:^16.0.1"
    yargs: "npm:^17.5.1"
  bin:
    google-docs-importer: dist/bin.js
  checksum: 10c0/09bd91fa80665e296b9ff258ba7ecfda37ba52adb61407d9d3cfefb8ebf985cf785844ddbfad5b7e87541a3d8c2b859eab24af02507ef7f0852ade46106a7fa0
  languageName: node
  linkType: hard

"@myparcel-dev/pdk-app-builder@npm:^4.1.3":
  version: 4.1.4
  resolution: "@myparcel-dev/pdk-app-builder@npm:4.1.4"
  dependencies:
    "@myparcel-dev/google-docs-importer": "npm:^1.0.2"
    "@myparcel-dev/ts-utils": "npm:^1.15.0"
    chalk: "npm:^6.0.0"
    commander: "npm:^12.0.0"
    debug: "npm:^4.3.4"
    interpret: "npm:^3.1.1"
    liftoff: "npm:^5.0.0"
    radash: "npm:^12.1.0"
  bin:
    pdk-builder: ./bin/index.js
  checksum: 10c0/55777830e8a4bc74729cbea64550a17a7a9e2b175043ebfdc61ab6c428e31c5c0ca10058728e2fbe8720e0541b1cf0ba9a6faac7a5c1169fbf0f4f01d063fd52
  languageName: node
  linkType: hard

"@myparcel-dev/ts-utils@npm:^1.15.0":
  version: 1.15.2
  resolution: "@myparcel-dev/ts-utils@npm:1.15.2"
  checksum: 10c0/c826757f15dbf9e8d51526fa22847f6d521bd27d58950d3f165723eb92f3c48b9dac903f2aef4800f831a1321dd939db05e9be9a68c7a2a5604f81596a9965c4
  languageName: node
  linkType: hard

"@myparcel/shopware@workspace:.":
  version: 0.0.0-use.local
  resolution: "@myparcel/shopware@workspace:."
  dependencies:
    "@myparcel-dev/pdk-app-builder": "npm:^4.1.3"
    fast-glob: "npm:^3.3.2"
  languageName: unknown
  linkType: soft

"@nodelib/fs.scandir@npm:2.1.5":
  version: 2.1.5
  resolution: "@nodelib/fs.scandir@npm:2.1.5"
  dependencies:
    "@nodelib/fs.stat": "npm:2.0.5"
    run-parallel: "npm:^1.1.9"
  checksum: 10c0/732c3b6d1b1e967440e65f284bd06e5821fedf10a1bea9ed2bb75956ea1f30e08c44d3def9d6a230666574edbaf136f8cfd319c14fd1f87c66e6a44449afb2eb
  languageName: node
  linkType: hard

"@nodelib/fs.stat@npm:2.0.5, @nodelib/fs.stat@npm:^2.0.2":
  version: 2.0.5
  resolution: "@nodelib/fs.stat@npm:2.0.5"
  checksum: 10c0/88dafe5e3e29a388b07264680dc996c17f4bda48d163a9d4f5c1112979f0ce8ec72aa7116122c350b4e7976bc5566dc3ddb579be1ceaacc727872eb4ed93926d
  languageName: node
  linkType: hard

"@nodelib/fs.walk@npm:^1.2.3":
  version: 1.2.8
  resolution: "@nodelib/fs.walk@npm:1.2.8"
  dependencies:
    "@nodelib/fs.scandir": "npm:2.1.5"
    fastq: "npm:^1.6.0"
  checksum: 10c0/db9de047c3bb9b51f9335a7bb46f4fcfb6829fb628318c12115fbaf7d369bfce71c15b103d1fc3b464812d936220ee9bc1c8f762d032c9f6be9acc99249095b1
  languageName: node
  linkType: hard

"ansi-regex@npm:^5.0.1":
  version: 5.0.1
  resolution: "ansi-regex@npm:5.0.1"
  checksum: 10c0/9a64bb8627b434ba9327b60c027742e5d17ac69277960d041898596271d992d4d52ba7267a63ca10232e29f6107fc8a835f6ce8d719b88c5f8493f8254813737
  languageName: node
  linkType: hard

"ansi-styles@npm:^4.0.0":
  version: 4.3.0
  resolution: "ansi-styles@npm:4.3.0"
  dependencies:
    color-convert: "npm:^2.0.1"
  checksum: 10c0/895a23929da416f2bd3de7e9cb4eabd340949328ab85ddd6e484a637d8f6820d485f53933446f5291c3b760cbc488beb8e88573dd0f9c7daf83dccc8fe81b041
  languageName: node
  linkType: hard

"array-each@npm:^1.0.1":
  version: 1.0.1
  resolution: "array-each@npm:1.0.1"
  checksum: 10c0/b5951ac450b560849143722d6785672ae71f5e9b061f11e7e2f775513a952e583e8bcedbba538a08049e235f5583756efec440fc6740a9b47b411cb487f65a9b
  languageName: node
  linkType: hard

"array-slice@npm:^1.0.0":
  version: 1.1.0
  resolution: "array-slice@npm:1.1.0"
  checksum: 10c0/dfefd705905f428b6c4cace2a787f308b5a64db5411e33cdf8ff883b6643f1703e48ac152b74eea482f8f6765fdf78b5277e2bad7840be2b4d5c23777db3266f
  languageName: node
  linkType: hard

"braces@npm:^3.0.3":
  version: 3.0.3
  resolution: "braces@npm:3.0.3"
  dependencies:
    fill-range: "npm:^7.1.1"
  checksum: 10c0/7c6dfd30c338d2997ba77500539227b9d1f85e388a5f43220865201e407e076783d0881f2d297b9f80951b4c957fcf0b51c1d2d24227631643c3f7c284b0aa04
  languageName: node
  linkType: hard

"chalk@npm:^6.0.0":
  version: 6.0.1
  resolution: "chalk@npm:6.0.1"
  checksum: 10c0/4c58238fa874f531b5201bf99ebd374742be31f8e306c7783d930856aec305f2dea3e07531a8805b2a7ba92807296e39ced52e9f673703e0264d96e83998a429
  languageName: node
  linkType: hard

"cliui@npm:^8.0.1":
  version: 8.0.1
  resolution: "cliui@npm:8.0.1"
  dependencies:
    string-width: "npm:^4.2.0"
    strip-ansi: "npm:^6.0.1"
    wrap-ansi: "npm:^7.0.0"
  checksum: 10c0/4bda0f09c340cbb6dfdc1ed508b3ca080f12992c18d68c6be4d9cf51756033d5266e61ec57529e610dacbf4da1c634423b0c1b11037709cc6b09045cbd815df5
  languageName: node
  linkType: hard

"color-convert@npm:^2.0.1":
  version: 2.0.1
  resolution: "color-convert@npm:2.0.1"
  dependencies:
    color-name: "npm:~1.1.4"
  checksum: 10c0/37e1150172f2e311fe1b2df62c6293a342ee7380da7b9cfdba67ea539909afbd74da27033208d01d6d5cfc65ee7868a22e18d7e7648e004425441c0f8a15a7d7
  languageName: node
  linkType: hard

"color-name@npm:~1.1.4":
  version: 1.1.4
  resolution: "color-name@npm:1.1.4"
  checksum: 10c0/a1a3f914156960902f46f7f56bc62effc6c94e84b2cae157a526b1c1f74b677a47ec602bf68a61abfa2b42d15b7c5651c6dbe72a43af720bc588dff885b10f95
  languageName: node
  linkType: hard

"commander@npm:^12.0.0":
  version: 12.1.0
  resolution: "commander@npm:12.1.0"
  checksum: 10c0/6e1996680c083b3b897bfc1cfe1c58dfbcd9842fd43e1aaf8a795fbc237f65efcc860a3ef457b318e73f29a4f4a28f6403c3d653d021d960e4632dd45bde54a9
  languageName: node
  linkType: hard

"csv-parse@npm:^7.0.2":
  version: 7.0.3
  resolution: "csv-parse@npm:7.0.3"
  checksum: 10c0/90d444df5bb14a5531fb87163be5236951a43092934c9ea10e1308cceefdd692c8c0b49f93c616a92a1c9695f371a376268bf45325bb88f60a1328274748cc25
  languageName: node
  linkType: hard

"debug@npm:^4.3.4":
  version: 4.4.3
  resolution: "debug@npm:4.4.3"
  dependencies:
    ms: "npm:^2.1.3"
  peerDependenciesMeta:
    supports-color:
      optional: true
  checksum: 10c0/d79136ec6c83ecbefd0f6a5593da6a9c91ec4d7ddc4b54c883d6e71ec9accb5f67a1a5e96d00a328196b5b5c86d365e98d8a3a70856aaf16b4e7b1985e67f5a6
  languageName: node
  linkType: hard

"detect-file@npm:^1.0.0":
  version: 1.0.0
  resolution: "detect-file@npm:1.0.0"
  checksum: 10c0/c782a5f992047944c39d337c82f5d1d21d65d1378986d46c354df9d9ec6d5f356bca0182969c11b08b9b8a7af8727b3c2d5a9fad0b022be4a3bf4c216f63ed07
  languageName: node
  linkType: hard

"dotenv@npm:^16.0.1":
  version: 16.6.1
  resolution: "dotenv@npm:16.6.1"
  checksum: 10c0/15ce56608326ea0d1d9414a5c8ee6dcf0fffc79d2c16422b4ac2268e7e2d76ff5a572d37ffe747c377de12005f14b3cc22361e79fc7f1061cce81f77d2c973dc
  languageName: node
  linkType: hard

"emoji-regex@npm:^8.0.0":
  version: 8.0.0
  resolution: "emoji-regex@npm:8.0.0"
  checksum: 10c0/b6053ad39951c4cf338f9092d7bfba448cdfd46fe6a2a034700b149ac9ffbc137e361cbd3c442297f86bed2e5f7576c1b54cc0a6bf8ef5106cc62f496af35010
  languageName: node
  linkType: hard

"es-errors@npm:^1.3.0":
  version: 1.3.0
  resolution: "es-errors@npm:1.3.0"
  checksum: 10c0/0a61325670072f98d8ae3b914edab3559b6caa980f08054a3b872052640d91da01d38df55df797fcc916389d77fc92b8d5906cf028f4db46d7e3003abecbca85
  languageName: node
  linkType: hard

"escalade@npm:^3.1.1":
  version: 3.2.0
  resolution: "escalade@npm:3.2.0"
  checksum: 10c0/ced4dd3a78e15897ed3be74e635110bbf3b08877b0a41be50dcb325ee0e0b5f65fc2d50e9845194d7c4633f327e2e1c6cce00a71b617c5673df0374201d67f65
  languageName: node
  linkType: hard

"expand-tilde@npm:^2.0.0, expand-tilde@npm:^2.0.2":
  version: 2.0.2
  resolution: "expand-tilde@npm:2.0.2"
  dependencies:
    homedir-polyfill: "npm:^1.0.1"
  checksum: 10c0/205a60497422746d1c3acbc1d65bd609b945066f239a2b785e69a7a651ac4cbeb4e08555b1ea0023abbe855e6fcb5bbf27d0b371367fdccd303d4fb2b4d66845
  languageName: node
  linkType: hard

"extend@npm:^3.0.2":
  version: 3.0.2
  resolution: "extend@npm:3.0.2"
  checksum: 10c0/73bf6e27406e80aa3e85b0d1c4fd987261e628064e170ca781125c0b635a3dabad5e05adbf07595ea0cf1e6c5396cacb214af933da7cbaf24fe75ff14818e8f9
  languageName: node
  linkType: hard

"fast-glob@npm:^3.3.2":
  version: 3.3.3
  resolution: "fast-glob@npm:3.3.3"
  dependencies:
    "@nodelib/fs.stat": "npm:^2.0.2"
    "@nodelib/fs.walk": "npm:^1.2.3"
    glob-parent: "npm:^5.1.2"
    merge2: "npm:^1.3.0"
    micromatch: "npm:^4.0.8"
  checksum: 10c0/f6aaa141d0d3384cf73cbcdfc52f475ed293f6d5b65bfc5def368b09163a9f7e5ec2b3014d80f733c405f58e470ee0cc451c2937685045cddcdeaa24199c43fe
  languageName: node
  linkType: hard

"fastq@npm:^1.6.0":
  version: 1.20.3
  resolution: "fastq@npm:1.20.3"
  dependencies:
    reusify: "npm:^1.0.4"
  checksum: 10c0/ad055a1b50f7ec9142d2e13699ad6c4d1fa9fea1d947fff89de1b5ea3825223e9a626c359b3a0f21aefbe093cc2a9e92a91e068f982a2b176af16b9ea430ffc5
  languageName: node
  linkType: hard

"fill-range@npm:^7.1.1":
  version: 7.1.1
  resolution: "fill-range@npm:7.1.1"
  dependencies:
    to-regex-range: "npm:^5.0.1"
  checksum: 10c0/b75b691bbe065472f38824f694c2f7449d7f5004aa950426a2c28f0306c60db9b880c0b0e4ed819997ffb882d1da02cfcfc819bddc94d71627f5269682edf018
  languageName: node
  linkType: hard

"findup-sync@npm:^5.0.0":
  version: 5.0.0
  resolution: "findup-sync@npm:5.0.0"
  dependencies:
    detect-file: "npm:^1.0.0"
    is-glob: "npm:^4.0.3"
    micromatch: "npm:^4.0.4"
    resolve-dir: "npm:^1.0.1"
  checksum: 10c0/bbdb8af8c86a0bde4445e2f738003b92e4cd2a4539a5b45199d0252f2f504aeaf19aeca1fac776c3632c60657b2659151e72c8ead29a79617459a57419a0920b
  languageName: node
  linkType: hard

"fined@npm:^2.0.0":
  version: 2.0.0
  resolution: "fined@npm:2.0.0"
  dependencies:
    expand-tilde: "npm:^2.0.2"
    is-plain-object: "npm:^5.0.0"
    object.defaults: "npm:^1.1.0"
    object.pick: "npm:^1.3.0"
    parse-filepath: "npm:^1.0.2"
  checksum: 10c0/0a06efeb0ede9a4e392e3a1295d238cfdb17ac0bffb0983656d34bc10dd41ffb468dc8077e0f8c140a989ec827e4a729ab77db517c1cb8f3497305710f3747e2
  languageName: node
  linkType: hard

"flagged-respawn@npm:^2.0.0":
  version: 2.0.0
  resolution: "flagged-respawn@npm:2.0.0"
  checksum: 10c0/630c8ce4e6dc6425d98d31a533af8a012187904bbd0ce0afebc9bf25c47da7b27901f75fca2da5ab37fc8d77109dc5da3ddab98ab400f9d9f985871513e2692a
  languageName: node
  linkType: hard

"for-in@npm:^1.0.1":
  version: 1.0.2
  resolution: "for-in@npm:1.0.2"
  checksum: 10c0/42bb609d564b1dc340e1996868b67961257fd03a48d7fdafd4f5119530b87f962be6b4d5b7e3a3fc84c9854d149494b1d358e0b0ce9837e64c4c6603a49451d6
  languageName: node
  linkType: hard

"for-own@npm:^1.0.0":
  version: 1.0.0
  resolution: "for-own@npm:1.0.0"
  dependencies:
    for-in: "npm:^1.0.1"
  checksum: 10c0/ca475bc22935edf923631e9e23588edcbed33a30f0c81adc98e2c7df35db362ec4f4b569bc69051c7cfc309dfc223818c09a2f52ccd9ed77b71931c913a43a13
  languageName: node
  linkType: hard

"function-bind@npm:^1.1.2":
  version: 1.1.2
  resolution: "function-bind@npm:1.1.2"
  checksum: 10c0/d8680ee1e5fcd4c197e4ac33b2b4dce03c71f4d91717292785703db200f5c21f977c568d28061226f9b5900cbcd2c84463646134fd5337e7925e0942bc3f46d5
  languageName: node
  linkType: hard

"get-caller-file@npm:^2.0.5":
  version: 2.0.5
  resolution: "get-caller-file@npm:2.0.5"
  checksum: 10c0/c6c7b60271931fa752aeb92f2b47e355eac1af3a2673f47c9589e8f8a41adc74d45551c1bc57b5e66a80609f10ffb72b6f575e4370d61cc3f7f3aaff01757cde
  languageName: node
  linkType: hard

"glob-parent@npm:^5.1.2":
  version: 5.1.2
  resolution: "glob-parent@npm:5.1.2"
  dependencies:
    is-glob: "npm:^4.0.1"
  checksum: 10c0/cab87638e2112bee3f839ef5f6e0765057163d39c66be8ec1602f3823da4692297ad4e972de876ea17c44d652978638d2fd583c6713d0eb6591706825020c9ee
  languageName: node
  linkType: hard

"global-modules@npm:^1.0.0":
  version: 1.0.0
  resolution: "global-modules@npm:1.0.0"
  dependencies:
    global-prefix: "npm:^1.0.1"
    is-windows: "npm:^1.0.1"
    resolve-dir: "npm:^1.0.0"
  checksum: 10c0/7d91ecf78d4fcbc966b2d89c1400df273afea795bc8cadf39857ee1684e442065621fd79413ff5fcd9e90c6f1b2dc0123e644fa0b7811f987fd54c6b9afad858
  languageName: node
  linkType: hard

"global-prefix@npm:^1.0.1":
  version: 1.0.2
  resolution: "global-prefix@npm:1.0.2"
  dependencies:
    expand-tilde: "npm:^2.0.2"
    homedir-polyfill: "npm:^1.0.1"
    ini: "npm:^1.3.4"
    is-windows: "npm:^1.0.1"
    which: "npm:^1.2.14"
  checksum: 10c0/d8037e300f1dc04d5d410d16afa662e71bfad22dcceba6c9727bb55cc273b8988ca940b3402f62e5392fd261dd9924a9a73a865ef2000219461f31f3fc86be06
  languageName: node
  linkType: hard

"hasown@npm:^2.0.4":
  version: 2.0.4
  resolution: "hasown@npm:2.0.4"
  dependencies:
    function-bind: "npm:^1.1.2"
  checksum: 10c0/2d8de939e270b70618f8cebb69746620db10617dbb495bc66ddad326955ea24d3ca4af133aff3eb7c1853e0218f867bc2b050ec26fe02e3aea58f880ffc5e506
  languageName: node
  linkType: hard

"homedir-polyfill@npm:^1.0.1":
  version: 1.0.3
  resolution: "homedir-polyfill@npm:1.0.3"
  dependencies:
    parse-passwd: "npm:^1.0.0"
  checksum: 10c0/3c099844f94b8b438f124bd5698bdcfef32b2d455115fb8050d7148e7f7b95fc89ba9922586c491f0e1cdebf437b1053c84ecddb8d596e109e9ac69c5b4a9e27
  languageName: node
  linkType: hard

"ini@npm:^1.3.4":
  version: 1.3.8
  resolution: "ini@npm:1.3.8"
  checksum: 10c0/ec93838d2328b619532e4f1ff05df7909760b6f66d9c9e2ded11e5c1897d6f2f9980c54dd638f88654b00919ce31e827040631eab0a3969e4d1abefa0719516a
  languageName: node
  linkType: hard

"interpret@npm:^3.1.1":
  version: 3.1.1
  resolution: "interpret@npm:3.1.1"
  checksum: 10c0/6f3c4d0aa6ec1b43a8862375588a249e3c917739895cbe67fe12f0a76260ea632af51e8e2431b50fbcd0145356dc28ca147be08dbe6a523739fd55c0f91dc2a5
  languageName: node
  linkType: hard

"is-absolute@npm:^1.0.0":
  version: 1.0.0
  resolution: "is-absolute@npm:1.0.0"
  dependencies:
    is-relative: "npm:^1.0.0"
    is-windows: "npm:^1.0.1"
  checksum: 10c0/422302ce879d4f3ca6848499b6f3ddcc8fd2dc9f3e9cad3f6bcedff58cdfbbbd7f4c28600fffa7c59a858f1b15c27fb6cfe1d5275e58a36d2bf098a44ef5abc4
  languageName: node
  linkType: hard

"is-core-module@npm:^2.16.1":
  version: 2.17.0
  resolution: "is-core-module@npm:2.17.0"
  dependencies:
    hasown: "npm:^2.0.4"
  checksum: 10c0/3dc7c15ea42f846180cd2cdd57af62270e0a8d0ed31c17c85735d554089d39975e2e82e65fc7c8280a3c476ca3d0d09992d0860b4998abb769a277341feb6698
  languageName: node
  linkType: hard

"is-extglob@npm:^2.1.1":
  version: 2.1.1
  resolution: "is-extglob@npm:2.1.1"
  checksum: 10c0/5487da35691fbc339700bbb2730430b07777a3c21b9ebaecb3072512dfd7b4ba78ac2381a87e8d78d20ea08affb3f1971b4af629173a6bf435ff8a4c47747912
  languageName: node
  linkType: hard

"is-fullwidth-code-point@npm:^3.0.0":
  version: 3.0.0
  resolution: "is-fullwidth-code-point@npm:3.0.0"
  checksum: 10c0/bb11d825e049f38e04c06373a8d72782eee0205bda9d908cc550ccb3c59b99d750ff9537982e01733c1c94a58e35400661f57042158ff5e8f3e90cf936daf0fc
  languageName: node
  linkType: hard

"is-glob@npm:^4.0.1, is-glob@npm:^4.0.3":
  version: 4.0.3
  resolution: "is-glob@npm:4.0.3"
  dependencies:
    is-extglob: "npm:^2.1.1"
  checksum: 10c0/17fb4014e22be3bbecea9b2e3a76e9e34ff645466be702f1693e8f1ee1adac84710d0be0bd9f967d6354036fd51ab7c2741d954d6e91dae6bb69714de92c197a
  languageName: node
  linkType: hard

"is-number@npm:^7.0.0":
  version: 7.0.0
  resolution: "is-number@npm:7.0.0"
  checksum: 10c0/b4686d0d3053146095ccd45346461bc8e53b80aeb7671cc52a4de02dbbf7dc0d1d2a986e2fe4ae206984b4d34ef37e8b795ebc4f4295c978373e6575e295d811
  languageName: node
  linkType: hard

"is-plain-object@npm:^5.0.0":
  version: 5.1.0
  resolution: "is-plain-object@npm:5.1.0"
  checksum: 10c0/21d6e5b182aaf56b18fdc3829bf39ed6c1ebdf9fd312549a56846942307e5699fb3c5841e60622c409951f670900980d7e402c22d4f7659a78e32e016442ba7a
  languageName: node
  linkType: hard

"is-relative@npm:^1.0.0":
  version: 1.0.0
  resolution: "is-relative@npm:1.0.0"
  dependencies:
    is-unc-path: "npm:^1.0.0"
  checksum: 10c0/61157c4be8594dd25ac6f0ef29b1218c36667259ea26698367a4d9f39ff9018368bc365c490b3c79be92dfb1e389e43c4b865c95709e7b3bc72c5932f751fb60
  languageName: node
  linkType: hard

"is-unc-path@npm:^1.0.0":
  version: 1.0.0
  resolution: "is-unc-path@npm:1.0.0"
  dependencies:
    unc-path-regex: "npm:^0.1.2"
  checksum: 10c0/ac1b78f9b748196e3be3d0e722cd4b0f98639247a130a8f2473a58b29baf63fdb1b1c5a12c830660c5ee6ef0279c5418ca8e346f98cbe1a29e433d7ae531d42e
  languageName: node
  linkType: hard

"is-windows@npm:^1.0.1":
  version: 1.0.2
  resolution: "is-windows@npm:1.0.2"
  checksum: 10c0/b32f418ab3385604a66f1b7a3ce39d25e8881dee0bd30816dc8344ef6ff9df473a732bcc1ec4e84fe99b2f229ae474f7133e8e93f9241686cfcf7eebe53ba7a5
  languageName: node
  linkType: hard

"isexe@npm:^2.0.0":
  version: 2.0.0
  resolution: "isexe@npm:2.0.0"
  checksum: 10c0/228cfa503fadc2c31596ab06ed6aa82c9976eec2bfd83397e7eaf06d0ccf42cd1dfd6743bf9aeb01aebd4156d009994c5f76ea898d2832c1fe342da923ca457d
  languageName: node
  linkType: hard

"isobject@npm:^3.0.0, isobject@npm:^3.0.1":
  version: 3.0.1
  resolution: "isobject@npm:3.0.1"
  checksum: 10c0/03344f5064a82f099a0cd1a8a407f4c0d20b7b8485e8e816c39f249e9416b06c322e8dec5b842b6bb8a06de0af9cb48e7bc1b5352f0fadc2f0abac033db3d4db
  languageName: node
  linkType: hard

"liftoff@npm:^5.0.0":
  version: 5.0.1
  resolution: "liftoff@npm:5.0.1"
  dependencies:
    extend: "npm:^3.0.2"
    findup-sync: "npm:^5.0.0"
    fined: "npm:^2.0.0"
    flagged-respawn: "npm:^2.0.0"
    is-plain-object: "npm:^5.0.0"
    rechoir: "npm:^0.8.0"
    resolve: "npm:^1.20.0"
  checksum: 10c0/3807019b2272bdee55c15b726d430e16d65c815ffe37e0b4382345521e26c40ca4c2fa251218bde2b996ef76e0b1fa43baf0c8ce4218eb716d3cf22735fe24ee
  languageName: node
  linkType: hard

"map-cache@npm:^0.2.0":
  version: 0.2.2
  resolution: "map-cache@npm:0.2.2"
  checksum: 10c0/05e3eb005c1b80b9f949ca007687640e8c5d0fc88dc45c3c3ab4902a3bec79d66a58f3e3b04d6985d90cd267c629c7b46c977e9c34433e8c11ecfcbb9f0fa290
  languageName: node
  linkType: hard

"merge2@npm:^1.3.0":
  version: 1.4.1
  resolution: "merge2@npm:1.4.1"
  checksum: 10c0/254a8a4605b58f450308fc474c82ac9a094848081bf4c06778200207820e5193726dc563a0d2c16468810516a5c97d9d3ea0ca6585d23c58ccfff2403e8dbbeb
  languageName: node
  linkType: hard

"micromatch@npm:^4.0.4, micromatch@npm:^4.0.8":
  version: 4.0.8
  resolution: "micromatch@npm:4.0.8"
  dependencies:
    braces: "npm:^3.0.3"
    picomatch: "npm:^2.3.1"
  checksum: 10c0/166fa6eb926b9553f32ef81f5f531d27b4ce7da60e5baf8c021d043b27a388fb95e46a8038d5045877881e673f8134122b59624d5cecbd16eb50a42e7a6b5ca8
  languageName: node
  linkType: hard

"ms@npm:^2.1.3":
  version: 2.1.3
  resolution: "ms@npm:2.1.3"
  checksum: 10c0/d924b57e7312b3b63ad21fc5b3dc0af5e78d61a1fc7cfb5457edaf26326bf62be5307cc87ffb6862ef1c2b33b0233cdb5d4f01c4c958cc0d660948b65a287a48
  languageName: node
  linkType: hard

"object.defaults@npm:^1.1.0":
  version: 1.1.0
  resolution: "object.defaults@npm:1.1.0"
  dependencies:
    array-each: "npm:^1.0.1"
    array-slice: "npm:^1.0.0"
    for-own: "npm:^1.0.0"
    isobject: "npm:^3.0.0"
  checksum: 10c0/9ed5c41ce500c2dce2e6f8baa71b0e73b013dcd57c02e545dd85b46e52140af707e2b05c31f6126209f8b15709f10817ddbe6fb5c13f8d873d811694f28ee3fd
  languageName: node
  linkType: hard

"object.pick@npm:^1.3.0":
  version: 1.3.0
  resolution: "object.pick@npm:1.3.0"
  dependencies:
    isobject: "npm:^3.0.1"
  checksum: 10c0/cd316ec986e49895a28f2df9182de9cdeee57cd2a952c122aacc86344c28624fe002d9affc4f48b5014ec7c033da9942b08821ddb44db8c5bac5b3ec54bdc31e
  languageName: node
  linkType: hard

"parse-filepath@npm:^1.0.2":
  version: 1.0.2
  resolution: "parse-filepath@npm:1.0.2"
  dependencies:
    is-absolute: "npm:^1.0.0"
    map-cache: "npm:^0.2.0"
    path-root: "npm:^0.1.1"
  checksum: 10c0/37bbd225fa864257246777efbdf72a9305c4ae12110bf467d11994e93f8be60dd309dcef68124a2c78c5d3b4e64e1c36fcc2560e2ea93fd97767831e7a446805
  languageName: node
  linkType: hard

"parse-passwd@npm:^1.0.0":
  version: 1.0.0
  resolution: "parse-passwd@npm:1.0.0"
  checksum: 10c0/1c05c05f95f184ab9ca604841d78e4fe3294d46b8e3641d305dcc28e930da0e14e602dbda9f3811cd48df5b0e2e27dbef7357bf0d7c40e41b18c11c3a8b8d17b
  languageName: node
  linkType: hard

"path-parse@npm:^1.0.7":
  version: 1.0.7
  resolution: "path-parse@npm:1.0.7"
  checksum: 10c0/11ce261f9d294cc7a58d6a574b7f1b935842355ec66fba3c3fd79e0f036462eaf07d0aa95bb74ff432f9afef97ce1926c720988c6a7451d8a584930ae7de86e1
  languageName: node
  linkType: hard

"path-root-regex@npm:^0.1.0":
  version: 0.1.2
  resolution: "path-root-regex@npm:0.1.2"
  checksum: 10c0/27651a234f280c70d982dd25c35550f74a4284cde6b97237aab618cb4b5745682d18cdde1160617bb4a4b6b8aec4fbc911c4a2ad80d01fa4c7ee74dae7af2337
  languageName: node
  linkType: hard

"path-root@npm:^0.1.1":
  version: 0.1.1
  resolution: "path-root@npm:0.1.1"
  dependencies:
    path-root-regex: "npm:^0.1.0"
  checksum: 10c0/aed5cd290df84c46c7730f6a363e95e47a23929b51ab068a3818d69900da3e89dc154cdfd0c45c57b2e02f40c094351bc862db70c2cb00b7e6bd47039a227813
  languageName: node
  linkType: hard

"picomatch@npm:^2.3.1":
  version: 2.3.2
  resolution: "picomatch@npm:2.3.2"
  checksum: 10c0/a554d1709e59be97d1acb9eaedbbc700a5c03dbd4579807baed95100b00420bc729335440ef15004ae2378984e2487a7c1cebd743cfdb72b6fa9ab69223c0d61
  languageName: node
  linkType: hard

"queue-microtask@npm:^1.2.2":
  version: 1.2.3
  resolution: "queue-microtask@npm:1.2.3"
  checksum: 10c0/900a93d3cdae3acd7d16f642c29a642aea32c2026446151f0778c62ac089d4b8e6c986811076e1ae180a694cedf077d453a11b58ff0a865629a4f82ab558e102
  languageName: node
  linkType: hard

"radash@npm:^12.1.0":
  version: 12.1.1
  resolution: "radash@npm:12.1.1"
  checksum: 10c0/f8cbe85c0a8a444f1d2892c82875e00333e58a7b8afdbf3d8d04574d0532d895484bae20650c197c87dd91abfbd1e0af1c819cd12e6dc306633acec30222af7e
  languageName: node
  linkType: hard

"rechoir@npm:^0.8.0":
  version: 0.8.0
  resolution: "rechoir@npm:0.8.0"
  dependencies:
    resolve: "npm:^1.20.0"
  checksum: 10c0/1a30074124a22abbd5d44d802dac26407fa72a0a95f162aa5504ba8246bc5452f8b1a027b154d9bdbabcd8764920ff9333d934c46a8f17479c8912e92332f3ff
  languageName: node
  linkType: hard

"require-directory@npm:^2.1.1":
  version: 2.1.1
  resolution: "require-directory@npm:2.1.1"
  checksum: 10c0/83aa76a7bc1531f68d92c75a2ca2f54f1b01463cb566cf3fbc787d0de8be30c9dbc211d1d46be3497dac5785fe296f2dd11d531945ac29730643357978966e99
  languageName: node
  linkType: hard

"resolve-dir@npm:^1.0.0, resolve-dir@npm:^1.0.1":
  version: 1.0.1
  resolution: "resolve-dir@npm:1.0.1"
  dependencies:
    expand-tilde: "npm:^2.0.0"
    global-modules: "npm:^1.0.0"
  checksum: 10c0/8197ed13e4a51d9cd786ef6a09fc83450db016abe7ef3311ca39389b3e508d77c26fe0cf0483a9b407b8caa2764bb5ccc52cf6a017ded91492a416475a56066f
  languageName: node
  linkType: hard

"resolve@npm:^1.20.0":
  version: 1.22.12
  resolution: "resolve@npm:1.22.12"
  dependencies:
    es-errors: "npm:^1.3.0"
    is-core-module: "npm:^2.16.1"
    path-parse: "npm:^1.0.7"
    supports-preserve-symlinks-flag: "npm:^1.0.0"
  bin:
    resolve: bin/resolve
  checksum: 10c0/b16dc9b537c02e8c3388f7d3dcff9741d3071625f9a97ac1c885f2b0ca51e78df22328fb6d6ef214dd9101fb7cfc19aa2836fe3410402a94f3f7b8639c7149bf
  languageName: node
  linkType: hard

"resolve@patch:resolve@npm%3A^1.20.0#optional!builtin<compat/resolve>":
  version: 1.22.12
  resolution: "resolve@patch:resolve@npm%3A1.22.12#optional!builtin<compat/resolve>::version=1.22.12&hash=9bd1a5"
  dependencies:
    es-errors: "npm:^1.3.0"
    is-core-module: "npm:^2.16.1"
    path-parse: "npm:^1.0.7"
    supports-preserve-symlinks-flag: "npm:^1.0.0"
  bin:
    resolve: bin/resolve
  checksum: 10c0/e12af106e16e652bd83060e8afacece4ee3dcbd0f4cf028e3d9ad178e6ced9ecb1c87ee60158b239582313902a717f8adc57a9b76ea54b1994141ba15f420c65
  languageName: node
  linkType: hard

"reusify@npm:^1.0.4":
  version: 1.1.0
  resolution: "reusify@npm:1.1.0"
  checksum: 10c0/4eff0d4a5f9383566c7d7ec437b671cc51b25963bd61bf127c3f3d3f68e44a026d99b8d2f1ad344afff8d278a8fe70a8ea092650a716d22287e8bef7126bb2fa
  languageName: node
  linkType: hard

"run-parallel@npm:^1.1.9":
  version: 1.2.0
  resolution: "run-parallel@npm:1.2.0"
  dependencies:
    queue-microtask: "npm:^1.2.2"
  checksum: 10c0/200b5ab25b5b8b7113f9901bfe3afc347e19bb7475b267d55ad0eb86a62a46d77510cb0f232507c9e5d497ebda569a08a9867d0d14f57a82ad5564d991588b39
  languageName: node
  linkType: hard

"string-width@npm:^4.1.0, string-width@npm:^4.2.0, string-width@npm:^4.2.3":
  version: 4.2.3
  resolution: "string-width@npm:4.2.3"
  dependencies:
    emoji-regex: "npm:^8.0.0"
    is-fullwidth-code-point: "npm:^3.0.0"
    strip-ansi: "npm:^6.0.1"
  checksum: 10c0/1e525e92e5eae0afd7454086eed9c818ee84374bb80328fc41217ae72ff5f065ef1c9d7f72da41de40c75fa8bb3dee63d92373fd492c84260a552c636392a47b
  languageName: node
  linkType: hard

"strip-ansi@npm:^6.0.0, strip-ansi@npm:^6.0.1":
  version: 6.0.1
  resolution: "strip-ansi@npm:6.0.1"
  dependencies:
    ansi-regex: "npm:^5.0.1"
  checksum: 10c0/1ae5f212a126fe5b167707f716942490e3933085a5ff6c008ab97ab2f272c8025d3aa218b7bd6ab25729ca20cc81cddb252102f8751e13482a5199e873680952
  languageName: node
  linkType: hard

"supports-preserve-symlinks-flag@npm:^1.0.0":
  version: 1.0.0
  resolution: "supports-preserve-symlinks-flag@npm:1.0.0"
  checksum: 10c0/6c4032340701a9950865f7ae8ef38578d8d7053f5e10518076e6554a9381fa91bd9c6850193695c141f32b21f979c985db07265a758867bac95de05f7d8aeb39
  languageName: node
  linkType: hard

"to-regex-range@npm:^5.0.1":
  version: 5.0.1
  resolution: "to-regex-range@npm:5.0.1"
  dependencies:
    is-number: "npm:^7.0.0"
  checksum: 10c0/487988b0a19c654ff3e1961b87f471702e708fa8a8dd02a298ef16da7206692e8552a0250e8b3e8759270f62e9d8314616f6da274734d3b558b1fc7b7724e892
  languageName: node
  linkType: hard

"unc-path-regex@npm:^0.1.2":
  version: 0.1.2
  resolution: "unc-path-regex@npm:0.1.2"
  checksum: 10c0/bf9c781c4e2f38e6613ea17a51072e4b416840fbe6eeb244597ce9b028fac2fb6cfd3dde1f14111b02c245e665dc461aab8168ecc30b14364d02caa37f812996
  languageName: node
  linkType: hard

"which@npm:^1.2.14":
  version: 1.3.1
  resolution: "which@npm:1.3.1"
  dependencies:
    isexe: "npm:^2.0.0"
  bin:
    which: ./bin/which
  checksum: 10c0/e945a8b6bbf6821aaaef7f6e0c309d4b615ef35699576d5489b4261da9539f70393c6b2ce700ee4321c18f914ebe5644bc4631b15466ffbaad37d83151f6af59
  languageName: node
  linkType: hard

"wrap-ansi@npm:^7.0.0":
  version: 7.0.0
  resolution: "wrap-ansi@npm:7.0.0"
  dependencies:
    ansi-styles: "npm:^4.0.0"
    string-width: "npm:^4.1.0"
    strip-ansi: "npm:^6.0.0"
  checksum: 10c0/d15fc12c11e4cbc4044a552129ebc75ee3f57aa9c1958373a4db0292d72282f54373b536103987a4a7594db1ef6a4f10acf92978f79b98c49306a4b58c77d4da
  languageName: node
  linkType: hard

"y18n@npm:^5.0.5":
  version: 5.0.8
  resolution: "y18n@npm:5.0.8"
  checksum: 10c0/4df2842c36e468590c3691c894bc9cdbac41f520566e76e24f59401ba7d8b4811eb1e34524d57e54bc6d864bcb66baab7ffd9ca42bf1eda596618f9162b91249
  languageName: node
  linkType: hard

"yargs-parser@npm:^21.1.1":
  version: 21.1.1
  resolution: "yargs-parser@npm:21.1.1"
  checksum: 10c0/f84b5e48169479d2f402239c59f084cfd1c3acc197a05c59b98bab067452e6b3ea46d4dd8ba2985ba7b3d32a343d77df0debd6b343e5dae3da2aab2cdf5886b2
  languageName: node
  linkType: hard

"yargs@npm:^17.5.1":
  version: 17.7.3
  resolution: "yargs@npm:17.7.3"
  dependencies:
    cliui: "npm:^8.0.1"
    escalade: "npm:^3.1.1"
    get-caller-file: "npm:^2.0.5"
    require-directory: "npm:^2.1.1"
    string-width: "npm:^4.2.3"
    y18n: "npm:^5.0.5"
    yargs-parser: "npm:^21.1.1"
  checksum: 10c0/7a28572f7e785a57886e34fdbddb9b28756dec552e1453d5f6e7cdd00ad8721a4e8c4321d33683f5e61cacb36ad43258adbb48396b71ec4ed14abee0fc0d0c1f
  languageName: node
  linkType: hard
